// !$*UTF8*$!
{
	archiveVersion = 1;
	classes = {
	};
	objectVersion = 51;
	objects = {

/* Begin PBXBuildFile section */
		033A91AE2720A0BE00528684 /* PostMealViewController.swift in Sources */ = {isa = PBXBuildFile; fileRef = 033A91AD2720A0BE00528684 /* PostMealViewController.swift */; };
		033A91B12720A63700528684 /* MealDetailsViewController.swift in Sources */ = {isa = PBXBuildFile; fileRef = 033A91B02720A63700528684 /* MealDetailsViewController.swift */; };
		0361F6C627548E590009E155 /* OrdersViewController.swift in Sources */ = {isa = PBXBuildFile; fileRef = 0361F6C527548E590009E155 /* OrdersViewController.swift */; };
		0361F6C8275491150009E155 /* CartTableViewCell.swift in Sources */ = {isa = PBXBuildFile; fileRef = 0361F6C7275491150009E155 /* CartTableViewCell.swift */; };
		0361F6CA275491B30009E155 /* PostedMealTableViewCell.swift in Sources */ = {isa = PBXBuildFile; fileRef = 0361F6C9275491B30009E155 /* PostedMealTableViewCell.swift */; };
		039676262745B26A009806AE /* GoogleService-Info.plist in Resources */ = {isa = PBXBuildFile; fileRef = 039676252745B26A009806AE /* GoogleService-Info.plist */; };
		497A3CEFBD61A6C92232838F /* Pods_homecooked.framework in Frameworks */ = {isa = PBXBuildFile; fileRef = C1B2668627446F7FD3D832EA /* Pods_homecooked.framework */; };
		D61D74412714C90100B38959 /* AppDelegate.swift in Sources */ = {isa = PBXBuildFile; fileRef = D61D74402714C90100B38959 /* AppDelegate.swift */; };
		D61D74432714C90100B38959 /* SceneDelegate.swift in Sources */ = {isa = PBXBuildFile; fileRef = D61D74422714C90100B38959 /* SceneDelegate.swift */; };
		D61D74482714C90100B38959 /* Main.storyboard in Resources */ = {isa = PBXBuildFile; fileRef = D61D74462714C90100B38959 /* Main.storyboard */; };
		D61D744A2714C90B00B38959 /* Assets.xcassets in Resources */ = {isa = PBXBuildFile; fileRef = D61D74492714C90B00B38959 /* Assets.xcassets */; };
		D61D744D2714C90B00B38959 /* LaunchScreen.storyboard in Resources */ = {isa = PBXBuildFile; fileRef = D61D744B2714C90B00B38959 /* LaunchScreen.storyboard */; };
		D61D74592714EC0000B38959 /* HomeViewController.swift in Sources */ = {isa = PBXBuildFile; fileRef = D61D74582714EC0000B38959 /* HomeViewController.swift */; };
		D61D745D2714F28C00B38959 /* ProfileViewController.swift in Sources */ = {isa = PBXBuildFile; fileRef = D61D745C2714F28C00B38959 /* ProfileViewController.swift */; };
		D61D74612715FA4B00B38959 /* MealTableViewCell.swift in Sources */ = {isa = PBXBuildFile; fileRef = D61D74602715FA4B00B38959 /* MealTableViewCell.swift */; };
		D61D74652715FBF400B38959 /* Meal.swift in Sources */ = {isa = PBXBuildFile; fileRef = D61D74642715FBF400B38959 /* Meal.swift */; };
		D61D746A2716565F00B38959 /* CategoryCollectionViewCell.swift in Sources */ = {isa = PBXBuildFile; fileRef = D61D74692716565F00B38959 /* CategoryCollectionViewCell.swift */; };
		D61F8BDB2730F6720062DC00 /* String+Extensions.swift in Sources */ = {isa = PBXBuildFile; fileRef = D61F8BDA2730F6720062DC00 /* String+Extensions.swift */; };
		D61F8BDF2731CB150062DC00 /* MapViewController.swift in Sources */ = {isa = PBXBuildFile; fileRef = D61F8BDE2731CB150062DC00 /* MapViewController.swift */; };
		D6D570FC2720B32400495199 /* LoginViewController.swift in Sources */ = {isa = PBXBuildFile; fileRef = D6D570FB2720B32400495199 /* LoginViewController.swift */; };
		D6D571002720B32F00495199 /* SignUpViewController.swift in Sources */ = {isa = PBXBuildFile; fileRef = D6D570FF2720B32F00495199 /* SignUpViewController.swift */; };
/* End PBXBuildFile section */

/* Begin PBXFileReference section */
		033A91AD2720A0BE00528684 /* PostMealViewController.swift */ = {isa = PBXFileReference; lastKnownFileType = sourcecode.swift; path = PostMealViewController.swift; sourceTree = "<group>"; };
		033A91B02720A63700528684 /* MealDetailsViewController.swift */ = {isa = PBXFileReference; lastKnownFileType = sourcecode.swift; path = MealDetailsViewController.swift; sourceTree = "<group>"; };
		0361F6C527548E590009E155 /* OrdersViewController.swift */ = {isa = PBXFileReference; lastKnownFileType = sourcecode.swift; path = OrdersViewController.swift; sourceTree = "<group>"; };
		0361F6C7275491150009E155 /* CartTableViewCell.swift */ = {isa = PBXFileReference; lastKnownFileType = sourcecode.swift; path = CartTableViewCell.swift; sourceTree = "<group>"; };
		0361F6C9275491B30009E155 /* PostedMealTableViewCell.swift */ = {isa = PBXFileReference; lastKnownFileType = sourcecode.swift; path = PostedMealTableViewCell.swift; sourceTree = "<group>"; };
		039676252745B26A009806AE /* GoogleService-Info.plist */ = {isa = PBXFileReference; fileEncoding = 4; lastKnownFileType = text.plist.xml; path = "GoogleService-Info.plist"; sourceTree = "<group>"; };
		7DBD206D39E981E6FDF06B76 /* Pods-homecooked.release.xcconfig */ = {isa = PBXFileReference; includeInIndex = 1; lastKnownFileType = text.xcconfig; name = "Pods-homecooked.release.xcconfig"; path = "Target Support Files/Pods-homecooked/Pods-homecooked.release.xcconfig"; sourceTree = "<group>"; };
		C1B2668627446F7FD3D832EA /* Pods_homecooked.framework */ = {isa = PBXFileReference; explicitFileType = wrapper.framework; includeInIndex = 0; path = Pods_homecooked.framework; sourceTree = BUILT_PRODUCTS_DIR; };
		D61D743D2714C90100B38959 /* homecooked.app */ = {isa = PBXFileReference; explicitFileType = wrapper.application; includeInIndex = 0; path = homecooked.app; sourceTree = BUILT_PRODUCTS_DIR; };
		D61D74402714C90100B38959 /* AppDelegate.swift */ = {isa = PBXFileReference; lastKnownFileType = sourcecode.swift; path = AppDelegate.swift; sourceTree = "<group>"; };
		D61D74422714C90100B38959 /* SceneDelegate.swift */ = {isa = PBXFileReference; lastKnownFileType = sourcecode.swift; path = SceneDelegate.swift; sourceTree = "<group>"; };
		D61D74472714C90100B38959 /* Base */ = {isa = PBXFileReference; lastKnownFileType = file.storyboard; name = Base; path = Base.lproj/Main.storyboard; sourceTree = "<group>"; };
		D61D74492714C90B00B38959 /* Assets.xcassets */ = {isa = PBXFileReference; lastKnownFileType = folder.assetcatalog; path = Assets.xcassets; sourceTree = "<group>"; };
		D61D744C2714C90B00B38959 /* Base */ = {isa = PBXFileReference; lastKnownFileType = file.storyboard; name = Base; path = Base.lproj/LaunchScreen.storyboard; sourceTree = "<group>"; };
		D61D744E2714C90B00B38959 /* Info.plist */ = {isa = PBXFileReference; lastKnownFileType = text.plist.xml; path = Info.plist; sourceTree = "<group>"; };
		D61D74582714EC0000B38959 /* HomeViewController.swift */ = {isa = PBXFileReference; lastKnownFileType = sourcecode.swift; path = HomeViewController.swift; sourceTree = "<group>"; };
		D61D745C2714F28C00B38959 /* ProfileViewController.swift */ = {isa = PBXFileReference; lastKnownFileType = sourcecode.swift; path = ProfileViewController.swift; sourceTree = "<group>"; };
		D61D74602715FA4B00B38959 /* MealTableViewCell.swift */ = {isa = PBXFileReference; lastKnownFileType = sourcecode.swift; path = MealTableViewCell.swift; sourceTree = "<group>"; };
		D61D74642715FBF400B38959 /* Meal.swift */ = {isa = PBXFileReference; lastKnownFileType = sourcecode.swift; path = Meal.swift; sourceTree = "<group>"; };
		D61D74692716565F00B38959 /* CategoryCollectionViewCell.swift */ = {isa = PBXFileReference; lastKnownFileType = sourcecode.swift; path = CategoryCollectionViewCell.swift; sourceTree = "<group>"; };
		D61F8BDA2730F6720062DC00 /* String+Extensions.swift */ = {isa = PBXFileReference; lastKnownFileType = sourcecode.swift; path = "String+Extensions.swift"; sourceTree = "<group>"; };
		D61F8BDE2731CB150062DC00 /* MapViewController.swift */ = {isa = PBXFileReference; lastKnownFileType = sourcecode.swift; path = MapViewController.swift; sourceTree = "<group>"; };
		D6D570FB2720B32400495199 /* LoginViewController.swift */ = {isa = PBXFileReference; lastKnownFileType = sourcecode.swift; path = LoginViewController.swift; sourceTree = "<group>"; };
		D6D570FF2720B32F00495199 /* SignUpViewController.swift */ = {isa = PBXFileReference; lastKnownFileType = sourcecode.swift; path = SignUpViewController.swift; sourceTree = "<group>"; };
		E5FBEDA41626EC8F62F8C7FD /* Pods-homecooked.debug.xcconfig */ = {isa = PBXFileReference; includeInIndex = 1; lastKnownFileType = text.xcconfig; name = "Pods-homecooked.debug.xcconfig"; path = "Target Support Files/Pods-homecooked/Pods-homecooked.debug.xcconfig"; sourceTree = "<group>"; };
/* End PBXFileReference section */

/* Begin PBXFrameworksBuildPhase section */
		D61D743A2714C90100B38959 /* Frameworks */ = {
			isa = PBXFrameworksBuildPhase;
			buildActionMask = 2147483647;
			files = (
				497A3CEFBD61A6C92232838F /* Pods_homecooked.framework in Frameworks */,
			);
			runOnlyForDeploymentPostprocessing = 0;
		};
/* End PBXFrameworksBuildPhase section */

/* Begin PBXGroup section */
		033A91AC2720A0AB00528684 /* Post Meal */ = {
			isa = PBXGroup;
			children = (
				033A91AD2720A0BE00528684 /* PostMealViewController.swift */,
			);
			path = "Post Meal";
			sourceTree = "<group>";
		};
		033A91AF2720A61700528684 /* Meal Details */ = {
			isa = PBXGroup;
			children = (
				033A91B02720A63700528684 /* MealDetailsViewController.swift */,
			);
			path = "Meal Details";
			sourceTree = "<group>";
		};
		0361F6C427548E2F0009E155 /* Orders */ = {
			isa = PBXGroup;
			children = (
				0361F6C527548E590009E155 /* OrdersViewController.swift */,
			);
			path = Orders;
			sourceTree = "<group>";
		};
		568854E913E974C346305339 /* Pods */ = {
			isa = PBXGroup;
			children = (
				E5FBEDA41626EC8F62F8C7FD /* Pods-homecooked.debug.xcconfig */,
				7DBD206D39E981E6FDF06B76 /* Pods-homecooked.release.xcconfig */,
			);
			path = Pods;
			sourceTree = "<group>";
		};
		72C92F84D301B45D7D019432 /* Frameworks */ = {
			isa = PBXGroup;
			children = (
				C1B2668627446F7FD3D832EA /* Pods_homecooked.framework */,
			);
			name = Frameworks;
			sourceTree = "<group>";
		};
		D61D74342714C90100B38959 = {
			isa = PBXGroup;
			children = (
				D61D743F2714C90100B38959 /* homecooked */,
				D61D743E2714C90100B38959 /* Products */,
				568854E913E974C346305339 /* Pods */,
				72C92F84D301B45D7D019432 /* Frameworks */,
			);
			sourceTree = "<group>";
		};
		D61D743E2714C90100B38959 /* Products */ = {
			isa = PBXGroup;
			children = (
				D61D743D2714C90100B38959 /* homecooked.app */,
			);
			name = Products;
			sourceTree = "<group>";
		};
		D61D743F2714C90100B38959 /* homecooked */ = {
			isa = PBXGroup;
			children = (
				039676252745B26A009806AE /* GoogleService-Info.plist */,
				D61D74492714C90B00B38959 /* Assets.xcassets */,
				D61D744E2714C90B00B38959 /* Info.plist */,
				D64E79BB2729FBC100321544 /* Other */,
				D61D74632715FBE600B38959 /* Models */,
				D61D745F2715FA1000B38959 /* Cells */,
				D61D74552714EA2C00B38959 /* Views */,
			);
			path = homecooked;
			sourceTree = "<group>";
		};
		D61D74552714EA2C00B38959 /* Views */ = {
			isa = PBXGroup;
			children = (
				0361F6C427548E2F0009E155 /* Orders */,
				D69749E52745DAA4007488AC /* Profile */,
				D61F8BDD2731CAFC0062DC00 /* Map */,
				D6D570FA2720B2F200495199 /* Auth */,
				033A91AF2720A61700528684 /* Meal Details */,
				033A91AC2720A0AB00528684 /* Post Meal */,
				D61D74572714EBEC00B38959 /* Home */,
			);
			path = Views;
			sourceTree = "<group>";
		};
		D61D74572714EBEC00B38959 /* Home */ = {
			isa = PBXGroup;
			children = (
				D61D74582714EC0000B38959 /* HomeViewController.swift */,
			);
			path = Home;
			sourceTree = "<group>";
		};
		D61D745F2715FA1000B38959 /* Cells */ = {
			isa = PBXGroup;
			children = (
				D61D74602715FA4B00B38959 /* MealTableViewCell.swift */,
				D61D74692716565F00B38959 /* CategoryCollectionViewCell.swift */,
				0361F6C7275491150009E155 /* CartTableViewCell.swift */,
				0361F6C9275491B30009E155 /* PostedMealTableViewCell.swift */,
			);
			path = Cells;
			sourceTree = "<group>";
		};
		D61D74632715FBE600B38959 /* Models */ = {
			isa = PBXGroup;
			children = (
				D61D74642715FBF400B38959 /* Meal.swift */,
			);
			path = Models;
			sourceTree = "<group>";
		};
		D61F8BDD2731CAFC0062DC00 /* Map */ = {
			isa = PBXGroup;
			children = (
				D61F8BDE2731CB150062DC00 /* MapViewController.swift */,
			);
			path = Map;
			sourceTree = "<group>";
		};
		D64E79BB2729FBC100321544 /* Other */ = {
			isa = PBXGroup;
			children = (
				D61D74402714C90100B38959 /* AppDelegate.swift */,
				D61D74422714C90100B38959 /* SceneDelegate.swift */,
				D61D74462714C90100B38959 /* Main.storyboard */,
				D61D744B2714C90B00B38959 /* LaunchScreen.storyboard */,
				D61F8BDA2730F6720062DC00 /* String+Extensions.swift */,
			);
			path = Other;
			sourceTree = "<group>";
		};
		D69749E52745DAA4007488AC /* Profile */ = {
			isa = PBXGroup;
			children = (
				D61D745C2714F28C00B38959 /* ProfileViewController.swift */,
			);
			path = Profile;
			sourceTree = "<group>";
		};
		D6D570FA2720B2F200495199 /* Auth */ = {
			isa = PBXGroup;
			children = (
				D6D570FB2720B32400495199 /* LoginViewController.swift */,
				D6D570FF2720B32F00495199 /* SignUpViewController.swift */,
			);
			path = Auth;
			sourceTree = "<group>";
		};
/* End PBXGroup section */

/* Begin PBXNativeTarget section */
		D61D743C2714C90100B38959 /* homecooked */ = {
			isa = PBXNativeTarget;
			buildConfigurationList = D61D74512714C90B00B38959 /* Build configuration list for PBXNativeTarget "homecooked" */;
			buildPhases = (
				34A67DEF1561F67B505BFB39 /* [CP] Check Pods Manifest.lock */,
				D61D74392714C90100B38959 /* Sources */,
				D61D743A2714C90100B38959 /* Frameworks */,
				D61D743B2714C90100B38959 /* Resources */,
				BBE55DD323AA4FEBFCB3C2AF /* [CP] Embed Pods Frameworks */,
			);
			buildRules = (
			);
			dependencies = (
			);
			name = homecooked;
			productName = homecooked;
			productReference = D61D743D2714C90100B38959 /* homecooked.app */;
			productType = "com.apple.product-type.application";
		};
/* End PBXNativeTarget section */

/* Begin PBXProject section */
		D61D74352714C90100B38959 /* Project object */ = {
			isa = PBXProject;
			attributes = {
				LastSwiftUpdateCheck = 1240;
				LastUpgradeCheck = 1240;
				TargetAttributes = {
					D61D743C2714C90100B38959 = {
						CreatedOnToolsVersion = 12.4;
					};
				};
			};
			buildConfigurationList = D61D74382714C90100B38959 /* Build configuration list for PBXProject "homecooked" */;
			compatibilityVersion = "Xcode 9.3";
			developmentRegion = en;
			hasScannedForEncodings = 0;
			knownRegions = (
				en,
				Base,
			);
			mainGroup = D61D74342714C90100B38959;
			productRefGroup = D61D743E2714C90100B38959 /* Products */;
			projectDirPath = "";
			projectRoot = "";
			targets = (
				D61D743C2714C90100B38959 /* homecooked */,
			);
		};
/* End PBXProject section */

/* Begin PBXResourcesBuildPhase section */
		D61D743B2714C90100B38959 /* Resources */ = {
			isa = PBXResourcesBuildPhase;
			buildActionMask = 2147483647;
			files = (
				D61D744D2714C90B00B38959 /* LaunchScreen.storyboard in Resources */,
				039676262745B26A009806AE /* GoogleService-Info.plist in Resources */,
				D61D744A2714C90B00B38959 /* Assets.xcassets in Resources */,
				D61D74482714C90100B38959 /* Main.storyboard in Resources */,
			);
			runOnlyForDeploymentPostprocessing = 0;
		};
/* End PBXResourcesBuildPhase section */

/* Begin PBXShellScriptBuildPhase section */
		34A67DEF1561F67B505BFB39 /* [CP] Check Pods Manifest.lock */ = {
			isa = PBXShellScriptBuildPhase;
			buildActionMask = 2147483647;
			files = (
			);
			inputFileListPaths = (
			);
			inputPaths = (
				"${PODS_PODFILE_DIR_PATH}/Podfile.lock",
				"${PODS_ROOT}/Manifest.lock",
			);
			name = "[CP] Check Pods Manifest.lock";
			outputFileListPaths = (
			);
			outputPaths = (
				"$(DERIVED_FILE_DIR)/Pods-homecooked-checkManifestLockResult.txt",
			);
			runOnlyForDeploymentPostprocessing = 0;
			shellPath = /bin/sh;
			shellScript = "diff \"${PODS_PODFILE_DIR_PATH}/Podfile.lock\" \"${PODS_ROOT}/Manifest.lock\" > /dev/null\nif [ $? != 0 ] ; then\n    # print error to STDERR\n    echo \"error: The sandbox is not in sync with the Podfile.lock. Run 'pod install' or update your CocoaPods installation.\" >&2\n    exit 1\nfi\n# This output is used by Xcode 'outputs' to avoid re-running this script phase.\necho \"SUCCESS\" > \"${SCRIPT_OUTPUT_FILE_0}\"\n";
			showEnvVarsInLog = 0;
		};
		BBE55DD323AA4FEBFCB3C2AF /* [CP] Embed Pods Frameworks */ = {
			isa = PBXShellScriptBuildPhase;
			buildActionMask = 2147483647;
			files = (
			);
			inputFileListPaths = (
				"${PODS_ROOT}/Target Support Files/Pods-homecooked/Pods-homecooked-frameworks-${CONFIGURATION}-input-files.xcfilelist",
			);
			name = "[CP] Embed Pods Frameworks";
			outputFileListPaths = (
				"${PODS_ROOT}/Target Support Files/Pods-homecooked/Pods-homecooked-frameworks-${CONFIGURATION}-output-files.xcfilelist",
			);
			runOnlyForDeploymentPostprocessing = 0;
			shellPath = /bin/sh;
			shellScript = "\"${PODS_ROOT}/Target Support Files/Pods-homecooked/Pods-homecooked-frameworks.sh\"\n";
			showEnvVarsInLog = 0;
		};
/* End PBXShellScriptBuildPhase section */

/* Begin PBXSourcesBuildPhase section */
		D61D74392714C90100B38959 /* Sources */ = {
			isa = PBXSourcesBuildPhase;
			buildActionMask = 2147483647;
			files = (
				D61D746A2716565F00B38959 /* CategoryCollectionViewCell.swift in Sources */,
				D61D74412714C90100B38959 /* AppDelegate.swift in Sources */,
				D61D74652715FBF400B38959 /* Meal.swift in Sources */,
				0361F6C627548E590009E155 /* OrdersViewController.swift in Sources */,
				D61D74612715FA4B00B38959 /* MealTableViewCell.swift in Sources */,
				D61F8BDB2730F6720062DC00 /* String+Extensions.swift in Sources */,
				033A91AE2720A0BE00528684 /* PostMealViewController.swift in Sources */,
				D61F8BDF2731CB150062DC00 /* MapViewController.swift in Sources */,
				D6D571002720B32F00495199 /* SignUpViewController.swift in Sources */,
				0361F6CA275491B30009E155 /* PostedMealTableViewCell.swift in Sources */,
				D61D74432714C90100B38959 /* SceneDelegate.swift in Sources */,
				D61D745D2714F28C00B38959 /* ProfileViewController.swift in Sources */,
				033A91B12720A63700528684 /* MealDetailsViewController.swift in Sources */,
				0361F6C8275491150009E155 /* CartTableViewCell.swift in Sources */,
				D61D74592714EC0000B38959 /* HomeViewController.swift in Sources */,
				D6D570FC2720B32400495199 /* LoginViewController.swift in Sources */,
			);
			runOnlyForDeploymentPostprocessing = 0;
		};
/* End PBXSourcesBuildPhase section */

/* Begin PBXVariantGroup section */
		D61D74462714C90100B38959 /* Main.storyboard */ = {
			isa = PBXVariantGroup;
			children = (
				D61D74472714C90100B38959 /* Base */,
			);
			name = Main.storyboard;
			sourceTree = "<group>";
		};
		D61D744B2714C90B00B38959 /* LaunchScreen.storyboard */ = {
			isa = PBXVariantGroup;
			children = (
				D61D744C2714C90B00B38959 /* Base */,
			);
			name = LaunchScreen.storyboard;
			sourceTree = "<group>";
		};
/* End PBXVariantGroup section */

/* Begin XCBuildConfiguration section */
		D61D744F2714C90B00B38959 /* Debug */ = {
			isa = XCBuildConfiguration;
			buildSettings = {
				ALWAYS_SEARCH_USER_PATHS = NO;
				CLANG_ANALYZER_NONNULL = YES;
				CLANG_ANALYZER_NUMBER_OBJECT_CONVERSION = YES_AGGRESSIVE;
				CLANG_CXX_LANGUAGE_STANDARD = "gnu++14";
				CLANG_CXX_LIBRARY = "libc++";
				CLANG_ENABLE_MODULES = YES;
				CLANG_ENABLE_OBJC_ARC = YES;
				CLANG_ENABLE_OBJC_WEAK = YES;
				CLANG_WARN_BLOCK_CAPTURE_AUTORELEASING = YES;
				CLANG_WARN_BOOL_CONVERSION = YES;
				CLANG_WARN_COMMA = YES;
				CLANG_WARN_CONSTANT_CONVERSION = YES;
				CLANG_WARN_DEPRECATED_OBJC_IMPLEMENTATIONS = YES;
				CLANG_WARN_DIRECT_OBJC_ISA_USAGE = YES_ERROR;
				CLANG_WARN_DOCUMENTATION_COMMENTS = YES;
				CLANG_WARN_EMPTY_BODY = YES;
				CLANG_WARN_ENUM_CONVERSION = YES;
				CLANG_WARN_INFINITE_RECURSION = YES;
				CLANG_WARN_INT_CONVERSION = YES;
				CLANG_WARN_NON_LITERAL_NULL_CONVERSION = YES;
				CLANG_WARN_OBJC_IMPLICIT_RETAIN_SELF = YES;
				CLANG_WARN_OBJC_LITERAL_CONVERSION = YES;
				CLANG_WARN_OBJC_ROOT_CLASS = YES_ERROR;
				CLANG_WARN_QUOTED_INCLUDE_IN_FRAMEWORK_HEADER = YES;
				CLANG_WARN_RANGE_LOOP_ANALYSIS = YES;
				CLANG_WARN_STRICT_PROTOTYPES = YES;
				CLANG_WARN_SUSPICIOUS_MOVE = YES;
				CLANG_WARN_UNGUARDED_AVAILABILITY = YES_AGGRESSIVE;
				CLANG_WARN_UNREACHABLE_CODE = YES;
				CLANG_WARN__DUPLICATE_METHOD_MATCH = YES;
				COPY_PHASE_STRIP = NO;
				DEBUG_INFORMATION_FORMAT = dwarf;
				ENABLE_STRICT_OBJC_MSGSEND = YES;
				ENABLE_TESTABILITY = YES;
				GCC_C_LANGUAGE_STANDARD = gnu11;
				GCC_DYNAMIC_NO_PIC = NO;
				GCC_NO_COMMON_BLOCKS = YES;
				GCC_OPTIMIZATION_LEVEL = 0;
				GCC_PREPROCESSOR_DEFINITIONS = (
					"DEBUG=1",
					"$(inherited)",
				);
				GCC_WARN_64_TO_32_BIT_CONVERSION = YES;
				GCC_WARN_ABOUT_RETURN_TYPE = YES_ERROR;
				GCC_WARN_UNDECLARED_SELECTOR = YES;
				GCC_WARN_UNINITIALIZED_AUTOS = YES_AGGRESSIVE;
				GCC_WARN_UNUSED_FUNCTION = YES;
				GCC_WARN_UNUSED_VARIABLE = YES;
				IPHONEOS_DEPLOYMENT_TARGET = 14.4;
				MTL_ENABLE_DEBUG_INFO = INCLUDE_SOURCE;
				MTL_FAST_MATH = YES;
				ONLY_ACTIVE_ARCH = YES;
				SDKROOT = iphoneos;
				SWIFT_ACTIVE_COMPILATION_CONDITIONS = DEBUG;
				SWIFT_OPTIMIZATION_LEVEL = "-Onone";
			};
			name = Debug;
		};
		D61D74502714C90B00B38959 /* Release */ = {
			isa = XCBuildConfiguration;
			buildSettings = {
				ALWAYS_SEARCH_USER_PATHS = NO;
				CLANG_ANALYZER_NONNULL = YES;
				CLANG_ANALYZER_NUMBER_OBJECT_CONVERSION = YES_AGGRESSIVE;
				CLANG_CXX_LANGUAGE_STANDARD = "gnu++14";
				CLANG_CXX_LIBRARY = "libc++";
				CLANG_ENABLE_MODULES = YES;
				CLANG_ENABLE_OBJC_ARC = YES;
				CLANG_ENABLE_OBJC_WEAK = YES;
				CLANG_WARN_BLOCK_CAPTURE_AUTORELEASING = YES;
				CLANG_WARN_BOOL_CONVERSION = YES;
				CLANG_WARN_COMMA = YES;
				CLANG_WARN_CONSTANT_CONVERSION = YES;
				CLANG_WARN_DEPRECATED_OBJC_IMPLEMENTATIONS = YES;
				CLANG_WARN_DIRECT_OBJC_ISA_USAGE = YES_ERROR;
				CLANG_WARN_DOCUMENTATION_COMMENTS = YES;
				CLANG_WARN_EMPTY_BODY = YES;
				CLANG_WARN_ENUM_CONVERSION = YES;
				CLANG_WARN_INFINITE_RECURSION = YES;
				CLANG_WARN_INT_CONVERSION = YES;
				CLANG_WARN_NON_LITERAL_NULL_CONVERSION = YES;
				CLANG_WARN_OBJC_IMPLICIT_RETAIN_SELF = YES;
				CLANG_WARN_OBJC_LITERAL_CONVERSION = YES;
				CLANG_WARN_OBJC_ROOT_CLASS = YES_ERROR;
				CLANG_WARN_QUOTED_INCLUDE_IN_FRAMEWORK_HEADER = YES;
				CLANG_WARN_RANGE_LOOP_ANALYSIS = YES;
				CLANG_WARN_STRICT_PROTOTYPES = YES;
				CLANG_WARN_SUSPICIOUS_MOVE = YES;
				CLANG_WARN_UNGUARDED_AVAILABILITY = YES_AGGRESSIVE;
				CLANG_WARN_UNREACHABLE_CODE = YES;
				CLANG_WARN__DUPLICATE_METHOD_MATCH = YES;
				COPY_PHASE_STRIP = NO;
				DEBUG_INFORMATION_FORMAT = "dwarf-with-dsym";
				ENABLE_NS_ASSERTIONS = NO;
				ENABLE_STRICT_OBJC_MSGSEND = YES;
				GCC_C_LANGUAGE_STANDARD = gnu11;
				GCC_NO_COMMON_BLOCKS = YES;
				GCC_WARN_64_TO_32_BIT_CONVERSION = YES;
				GCC_WARN_ABOUT_RETURN_TYPE = YES_ERROR;
				GCC_WARN_UNDECLARED_SELECTOR = YES;
				GCC_WARN_UNINITIALIZED_AUTOS = YES_AGGRESSIVE;
				GCC_WARN_UNUSED_FUNCTION = YES;
				GCC_WARN_UNUSED_VARIABLE = YES;
				IPHONEOS_DEPLOYMENT_TARGET = 14.4;
				MTL_ENABLE_DEBUG_INFO = NO;
				MTL_FAST_MATH = YES;
				SDKROOT = iphoneos;
				SWIFT_COMPILATION_MODE = wholemodule;
				SWIFT_OPTIMIZATION_LEVEL = "-O";
				VALIDATE_PRODUCT = YES;
			};
			name = Release;
		};
		D61D74522714C90B00B38959 /* Debug */ = {
			isa = XCBuildConfiguration;
			baseConfigurationReference = E5FBEDA41626EC8F62F8C7FD /* Pods-homecooked.debug.xcconfig */;
			buildSettings = {
				ASSETCATALOG_COMPILER_APPICON_NAME = AppIcon;
				ASSETCATALOG_COMPILER_GLOBAL_ACCENT_COLOR_NAME = AccentColor;
				CODE_SIGN_STYLE = Automatic;
				DEVELOPMENT_TEAM = ZFWM2SPFSV;
				INFOPLIST_FILE = homecooked/Info.plist;
				LD_RUNPATH_SEARCH_PATHS = (
					"$(inherited)",
					"@executable_path/Frameworks",
				);
				PRODUCT_BUNDLE_IDENTIFIER = com.moosecodes.homecooked;
				PRODUCT_NAME = "$(TARGET_NAME)";
				SWIFT_VERSION = 5.0;
				TARGETED_DEVICE_FAMILY = "1,2";
			};
			name = Debug;
		};
		D61D74532714C90B00B38959 /* Release */ = {
			isa = XCBuildConfiguration;
			baseConfigurationReference = 7DBD206D39E981E6FDF06B76 /* Pods-homecooked.release.xcconfig */;
			buildSettings = {
				ASSETCATALOG_COMPILER_APPICON_NAME = AppIcon;
				ASSETCATALOG_COMPILER_GLOBAL_ACCENT_COLOR_NAME = AccentColor;
				CODE_SIGN_STYLE = Automatic;
				DEVELOPMENT_TEAM = ZFWM2SPFSV;
				INFOPLIST_FILE = homecooked/Info.plist;
				LD_RUNPATH_SEARCH_PATHS = (
					"$(inherited)",
					"@executable_path/Frameworks",
				);
				PRODUCT_BUNDLE_IDENTIFIER = com.moosecodes.homecooked;
				PRODUCT_NAME = "$(TARGET_NAME)";
				SWIFT_VERSION = 5.0;
				TARGETED_DEVICE_FAMILY = "1,2";
			};
			name = Release;
		};
/* End XCBuildConfiguration section */

/* Begin XCConfigurationList section */
		D61D74382714C90100B38959 /* Build configuration list for PBXProject "homecooked" */ = {
			isa = XCConfigurationList;
			buildConfigurations = (
				D61D744F2714C90B00B38959 /* Debug */,
				D61D74502714C90B00B38959 /* Release */,
			);
			defaultConfigurationIsVisible = 0;
			defaultConfigurationName = Release;
		};
		D61D74512714C90B00B38959 /* Build configuration list for PBXNativeTarget "homecooked" */ = {
			isa = XCConfigurationList;
			buildConfigurations = (
				D61D74522714C90B00B38959 /* Debug */,
				D61D74532714C90B00B38959 /* Release */,
			);
			defaultConfigurationIsVisible = 0;
			defaultConfigurationName = Release;
		};
/* End XCConfigurationList section */
	};
	rootObject = D61D74352714C90100B38959 /* Project object */;
}
